// !$*UTF8*$!
{
	archiveVersion = 1;
	classes = {
	};
	objectVersion = 77;
	objects = {

/* Begin PBXBuildFile section */
		3E2DC2A22D9B06C60045BAD4 /* Cocoa.framework in Frameworks */ = {isa = PBXBuildFile; fileRef = 3E2DC2A12D9B06C50045BAD4 /* Cocoa.framework */; };
		3E2DC2AE2D9B06C60045BAD4 /* ImPowerX.appex in Embed Foundation Extensions */ = {isa = PBXBuildFile; fileRef = 3E2DC29F2D9B06C50045BAD4 /* ImPowerX.appex */; settings = {ATTRIBUTES = (RemoveHeadersOnCopy, ); }; };
		3E2DC2B82D9B0AE20045BAD4 /* XcodeKit.framework in Frameworks */ = {isa = PBXBuildFile; fileRef = 3E2DC2B42D9B06DE0045BAD4 /* XcodeKit.framework */; };
		3E2DC2B92D9B0AE20045BAD4 /* XcodeKit.framework in Embed Frameworks */ = {isa = PBXBuildFile; fileRef = 3E2DC2B42D9B06DE0045BAD4 /* XcodeKit.framework */; settings = {ATTRIBUTES = (RemoveHeadersOnCopy, ); }; };
/* End PBXBuildFile section */

/* Begin PBXContainerItemProxy section */
		3E2DC2AC2D9B06C60045BAD4 /* PBXContainerItemProxy */ = {
			isa = PBXContainerItemProxy;
			containerPortal = 3E2DC2652D9B05820045BAD4 /* Project object */;
			proxyType = 1;
			remoteGlobalIDString = 3E2DC29E2D9B06C50045BAD4;
			remoteInfo = ImPowerX;
		};
/* End PBXContainerItemProxy section */

/* Begin PBXCopyFilesBuildPhase section */
		3E2DC2B32D9B06C60045BAD4 /* Embed Foundation Extensions */ = {
			isa = PBXCopyFilesBuildPhase;
			buildActionMask = 2147483647;
			dstPath = "";
			dstSubfolderSpec = 13;
			files = (
				3E2DC2AE2D9B06C60045BAD4 /* ImPowerX.appex in Embed Foundation Extensions */,
			);
			name = "Embed Foundation Extensions";
			runOnlyForDeploymentPostprocessing = 0;
		};
		3E2DC2BA2D9B0AE20045BAD4 /* Embed Frameworks */ = {
			isa = PBXCopyFilesBuildPhase;
			buildActionMask = 2147483647;
			dstPath = "";
			dstSubfolderSpec = 10;
			files = (
				3E2DC2B92D9B0AE20045BAD4 /* XcodeKit.framework in Embed Frameworks */,
			);
			name = "Embed Frameworks";
			runOnlyForDeploymentPostprocessing = 0;
		};
/* End PBXCopyFilesBuildPhase section */

/* Begin PBXFileReference section */
		3E2DC26D2D9B05820045BAD4 /* ImPower.app */ = {isa = PBXFileReference; explicitFileType = wrapper.application; includeInIndex = 0; path = ImPower.app; sourceTree = BUILT_PRODUCTS_DIR; };
		3E2DC29F2D9B06C50045BAD4 /* ImPowerX.appex */ = {isa = PBXFileReference; explicitFileType = "wrapper.app-extension"; includeInIndex = 0; path = ImPowerX.appex; sourceTree = BUILT_PRODUCTS_DIR; };
		3E2DC2A12D9B06C50045BAD4 /* Cocoa.framework */ = {isa = PBXFileReference; lastKnownFileType = wrapper.framework; name = Cocoa.framework; path = System/Library/Frameworks/Cocoa.framework; sourceTree = SDKROOT; };
		3E2DC2B42D9B06DE0045BAD4 /* XcodeKit.framework */ = {isa = PBXFileReference; lastKnownFileType = wrapper.framework; name = XcodeKit.framework; path = Library/Frameworks/XcodeKit.framework; sourceTree = DEVELOPER_DIR; };
/* End PBXFileReference section */

/* Begin PBXFileSystemSynchronizedBuildFileExceptionSet section */
		3E2DC2AF2D9B06C60045BAD4 /* Exceptions for "ImPowerX" folder in "ImPowerX" target */ = {
			isa = PBXFileSystemSynchronizedBuildFileExceptionSet;
			membershipExceptions = (
				Info.plist,
			);
			target = 3E2DC29E2D9B06C50045BAD4 /* ImPowerX */;
		};
		3EE1B13F2DA83E7F0049A972 /* Exceptions for "ImPower" folder in "ImPowerX" target */ = {
			isa = PBXFileSystemSynchronizedBuildFileExceptionSet;
			membershipExceptions = (
				Assets.xcassets,
			);
			target = 3E2DC29E2D9B06C50045BAD4 /* ImPowerX */;
		};
/* End PBXFileSystemSynchronizedBuildFileExceptionSet section */

/* Begin PBXFileSystemSynchronizedRootGroup section */
		3E2DC26F2D9B05820045BAD4 /* ImPower */ = {
			isa = PBXFileSystemSynchronizedRootGroup;
			exceptions = (
				3EE1B13F2DA83E7F0049A972 /* Exceptions for "ImPower" folder in "ImPowerX" target */,
			);
			path = ImPower;
			sourceTree = "<group>";
		};
		3E2DC2A52D9B06C60045BAD4 /* ImPowerX */ = {
			isa = PBXFileSystemSynchronizedRootGroup;
			exceptions = (
				3E2DC2AF2D9B06C60045BAD4 /* Exceptions for "ImPowerX" folder in "ImPowerX" target */,
			);
			path = ImPowerX;
			sourceTree = "<group>";
		};
/* End PBXFileSystemSynchronizedRootGroup section */

/* Begin PBXFrameworksBuildPhase section */
		3E2DC26A2D9B05820045BAD4 /* Frameworks */ = {
			isa = PBXFrameworksBuildPhase;
			buildActionMask = 2147483647;
			files = (
			);
			runOnlyForDeploymentPostprocessing = 0;
		};
		3E2DC29C2D9B06C50045BAD4 /* Frameworks */ = {
			isa = PBXFrameworksBuildPhase;
			buildActionMask = 2147483647;
			files = (
				3E2DC2A22D9B06C60045BAD4 /* Cocoa.framework in Frameworks */,
				3E2DC2B82D9B0AE20045BAD4 /* XcodeKit.framework in Frameworks */,
			);
			runOnlyForDeploymentPostprocessing = 0;
		};
/* End PBXFrameworksBuildPhase section */

/* Begin PBXGroup section */
		3E2DC2642D9B05820045BAD4 = {
			isa = PBXGroup;
			children = (
				3E2DC26F2D9B05820045BAD4 /* ImPower */,
				3E2DC2A52D9B06C60045BAD4 /* ImPowerX */,
				3E2DC2A02D9B06C50045BAD4 /* Frameworks */,
				3E2DC26E2D9B05820045BAD4 /* Products */,
			);
			sourceTree = "<group>";
		};
		3E2DC26E2D9B05820045BAD4 /* Products */ = {
			isa = PBXGroup;
			children = (
				3E2DC26D2D9B05820045BAD4 /* ImPower.app */,
				3E2DC29F2D9B06C50045BAD4 /* ImPowerX.appex */,
			);
			name = Products;
			sourceTree = "<group>";
		};
		3E2DC2A02D9B06C50045BAD4 /* Frameworks */ = {
			isa = PBXGroup;
			children = (
				3E2DC2B42D9B06DE0045BAD4 /* XcodeKit.framework */,
				3E2DC2A12D9B06C50045BAD4 /* Cocoa.framework */,
			);
			name = Frameworks;
			sourceTree = "<group>";
		};
/* End PBXGroup section */

/* Begin PBXNativeTarget section */
		3E2DC26C2D9B05820045BAD4 /* ImPower */ = {
			isa = PBXNativeTarget;
			buildConfigurationList = 3E2DC2922D9B05840045BAD4 /* Build configuration list for PBXNativeTarget "ImPower" */;
			buildPhases = (
				3E2DC2692D9B05820045BAD4 /* Sources */,
				3E2DC26A2D9B05820045BAD4 /* Frameworks */,
				3E2DC26B2D9B05820045BAD4 /* Resources */,
				3E2DC2B32D9B06C60045BAD4 /* Embed Foundation Extensions */,
			);
			buildRules = (
			);
			dependencies = (
				3E2DC2AD2D9B06C60045BAD4 /* PBXTargetDependency */,
			);
			fileSystemSynchronizedGroups = (
				3E2DC26F2D9B05820045BAD4 /* ImPower */,
			);
			name = ImPower;
			packageProductDependencies = (
			);
			productName = ImPower;
			productReference = 3E2DC26D2D9B05820045BAD4 /* ImPower.app */;
			productType = "com.apple.product-type.application";
		};
		3E2DC29E2D9B06C50045BAD4 /* ImPowerX */ = {
			isa = PBXNativeTarget;
			buildConfigurationList = 3E2DC2B02D9B06C60045BAD4 /* Build configuration list for PBXNativeTarget "ImPowerX" */;
			buildPhases = (
				3E2DC29B2D9B06C50045BAD4 /* Sources */,
				3E2DC29C2D9B06C50045BAD4 /* Frameworks */,
				3E2DC29D2D9B06C50045BAD4 /* Resources */,
				3E2DC2BA2D9B0AE20045BAD4 /* Embed Frameworks */,
			);
			buildRules = (
			);
			dependencies = (
			);
			fileSystemSynchronizedGroups = (
				3E2DC2A52D9B06C60045BAD4 /* ImPowerX */,
			);
			name = ImPowerX;
			packageProductDependencies = (
			);
			productName = ImPowerX;
			productReference = 3E2DC29F2D9B06C50045BAD4 /* ImPowerX.appex */;
			productType = "com.apple.product-type.xcode-extension";
		};
/* End PBXNativeTarget section */

/* Begin PBXProject section */
		3E2DC2652D9B05820045BAD4 /* Project object */ = {
			isa = PBXProject;
			attributes = {
				BuildIndependentTargetsInParallel = 1;
				LastSwiftUpdateCheck = 1620;
				LastUpgradeCheck = 1620;
				TargetAttributes = {
					3E2DC26C2D9B05820045BAD4 = {
						CreatedOnToolsVersion = 16.2;
					};
					3E2DC29E2D9B06C50045BAD4 = {
						CreatedOnToolsVersion = 16.2;
					};
				};
			};
			buildConfigurationList = 3E2DC2682D9B05820045BAD4 /* Build configuration list for PBXProject "ImPower" */;
			developmentRegion = en;
			hasScannedForEncodings = 0;
			knownRegions = (
				en,
				Base,
			);
			mainGroup = 3E2DC2642D9B05820045BAD4;
			minimizedProjectReferenceProxies = 1;
			preferredProjectObjectVersion = 77;
			productRefGroup = 3E2DC26E2D9B05820045BAD4 /* Products */;
			projectDirPath = "";
			projectRoot = "";
			targets = (
				3E2DC26C2D9B05820045BAD4 /* ImPower */,
				3E2DC29E2D9B06C50045BAD4 /* ImPowerX */,
			);
		};
/* End PBXProject section */

/* Begin PBXResourcesBuildPhase section */
		3E2DC26B2D9B05820045BAD4 /* Resources */ = {
			isa = PBXResourcesBuildPhase;
			buildActionMask = 2147483647;
			files = (
			);
			runOnlyForDeploymentPostprocessing = 0;
		};
		3E2DC29D2D9B06C50045BAD4 /* Resources */ = {
			isa = PBXResourcesBuildPhase;
			buildActionMask = 2147483647;
			files = (
			);
			runOnlyForDeploymentPostprocessing = 0;
		};
/* End PBXResourcesBuildPhase section */

/* Begin PBXSourcesBuildPhase section */
		3E2DC2692D9B05820045BAD4 /* Sources */ = {
			isa = PBXSourcesBuildPhase;
			buildActionMask = 2147483647;
			files = (
			);
			runOnlyForDeploymentPostprocessing = 0;
		};
		3E2DC29B2D9B06C50045BAD4 /* Sources */ = {
			isa = PBXSourcesBuildPhase;
			buildActionMask = 2147483647;
			files = (
			);
			runOnlyForDeploymentPostprocessing = 0;
		};
/* End PBXSourcesBuildPhase section */

/* Begin PBXTargetDependency section */
		3E2DC2AD2D9B06C60045BAD4 /* PBXTargetDependency */ = {
			isa = PBXTargetDependency;
			target = 3E2DC29E2D9B06C50045BAD4 /* ImPowerX */;
			targetProxy = 3E2DC2AC2D9B06C60045BAD4 /* PBXContainerItemProxy */;
		};
/* End PBXTargetDependency section */

/* Begin XCBuildConfiguration section */
		3E2DC2902D9B05840045BAD4 /* Debug */ = {
			isa = XCBuildConfiguration;
			buildSettings = {
				ALWAYS_SEARCH_USER_PATHS = NO;
				ASSETCATALOG_COMPILER_GENERATE_SWIFT_ASSET_SYMBOL_EXTENSIONS = YES;
				CLANG_ANALYZER_NONNULL = YES;
				CLANG_ANALYZER_NUMBER_OBJECT_CONVERSION = YES_AGGRESSIVE;
				CLANG_CXX_LANGUAGE_STANDARD = "gnu++20";
				CLANG_ENABLE_MODULES = YES;
				CLANG_ENABLE_OBJC_ARC = YES;
				CLANG_ENABLE_OBJC_WEAK = YES;
				CLANG_WARN_BLOCK_CAPTURE_AUTORELEASING = YES;
				CLANG_WARN_BOOL_CONVERSION = YES;
				CLANG_WARN_COMMA = YES;
				CLANG_WARN_CONSTANT_CONVERSION = YES;
				CLANG_WARN_DEPRECATED_OBJC_IMPLEMENTATIONS = YES;
				CLANG_WARN_DIRECT_OBJC_ISA_USAGE = YES_ERROR;
				CLANG_WARN_DOCUMENTATION_COMMENTS = YES;
				CLANG_WARN_EMPTY_BODY = YES;
				CLANG_WARN_ENUM_CONVERSION = YES;
				CLANG_WARN_INFINITE_RECURSION = YES;
				CLANG_WARN_INT_CONVERSION = YES;
				CLANG_WARN_NON_LITERAL_NULL_CONVERSION = YES;
				CLANG_WARN_OBJC_IMPLICIT_RETAIN_SELF = YES;
				CLANG_WARN_OBJC_LITERAL_CONVERSION = YES;
				CLANG_WARN_OBJC_ROOT_CLASS = YES_ERROR;
				CLANG_WARN_QUOTED_INCLUDE_IN_FRAMEWORK_HEADER = YES;
				CLANG_WARN_RANGE_LOOP_ANALYSIS = YES;
				CLANG_WARN_STRICT_PROTOTYPES = YES;
				CLANG_WARN_SUSPICIOUS_MOVE = YES;
				CLANG_WARN_UNGUARDED_AVAILABILITY = YES_AGGRESSIVE;
				CLANG_WARN_UNREACHABLE_CODE = YES;
				CLANG_WARN__DUPLICATE_METHOD_MATCH = YES;
				COPY_PHASE_STRIP = NO;
				DEBUG_INFORMATION_FORMAT = dwarf;
				ENABLE_STRICT_OBJC_MSGSEND = YES;
				ENABLE_TESTABILITY = YES;
				ENABLE_USER_SCRIPT_SANDBOXING = YES;
				GCC_C_LANGUAGE_STANDARD = gnu17;
				GCC_DYNAMIC_NO_PIC = NO;
				GCC_NO_COMMON_BLOCKS = YES;
				GCC_OPTIMIZATION_LEVEL = 0;
				GCC_PREPROCESSOR_DEFINITIONS = (
					"DEBUG=1",
					"$(inherited)",
				);
				GCC_WARN_64_TO_32_BIT_CONVERSION = YES;
				GCC_WARN_ABOUT_RETURN_TYPE = YES_ERROR;
				GCC_WARN_UNDECLARED_SELECTOR = YES;
				GCC_WARN_UNINITIALIZED_AUTOS = YES_AGGRESSIVE;
				GCC_WARN_UNUSED_FUNCTION = YES;
				GCC_WARN_UNUSED_VARIABLE = YES;
				LOCALIZATION_PREFERS_STRING_CATALOGS = YES;
				MACOSX_DEPLOYMENT_TARGET = 15.2;
				MTL_ENABLE_DEBUG_INFO = INCLUDE_SOURCE;
				MTL_FAST_MATH = YES;
				ONLY_ACTIVE_ARCH = YES;
				SDKROOT = macosx;
				SWIFT_ACTIVE_COMPILATION_CONDITIONS = "DEBUG $(inherited)";
				SWIFT_OPTIMIZATION_LEVEL = "-Onone";
			};
			name = Debug;
		};
		3E2DC2912D9B05840045BAD4 /* Release */ = {
			isa = XCBuildConfiguration;
			buildSettings = {
				ALWAYS_SEARCH_USER_PATHS = NO;
				ASSETCATALOG_COMPILER_GENERATE_SWIFT_ASSET_SYMBOL_EXTENSIONS = YES;
				CLANG_ANALYZER_NONNULL = YES;
				CLANG_ANALYZER_NUMBER_OBJECT_CONVERSION = YES_AGGRESSIVE;
				CLANG_CXX_LANGUAGE_STANDARD = "gnu++20";
				CLANG_ENABLE_MODULES = YES;
				CLANG_ENABLE_OBJC_ARC = YES;
				CLANG_ENABLE_OBJC_WEAK = YES;
				CLANG_WARN_BLOCK_CAPTURE_AUTORELEASING = YES;
				CLANG_WARN_BOOL_CONVERSION = YES;
				CLANG_WARN_COMMA = YES;
				CLANG_WARN_CONSTANT_CONVERSION = YES;
				CLANG_WARN_DEPRECATED_OBJC_IMPLEMENTATIONS = YES;
				CLANG_WARN_DIRECT_OBJC_ISA_USAGE = YES_ERROR;
				CLANG_WARN_DOCUMENTATION_COMMENTS = YES;
				CLANG_WARN_EMPTY_BODY = YES;
				CLANG_WARN_ENUM_CONVERSION = YES;
				CLANG_WARN_INFINITE_RECURSION = YES;
				CLANG_WARN_INT_CONVERSION = YES;
				CLANG_WARN_NON_LITERAL_NULL_CONVERSION = YES;
				CLANG_WARN_OBJC_IMPLICIT_RETAIN_SELF = YES;
				CLANG_WARN_OBJC_LITERAL_CONVERSION = YES;
				CLANG_WARN_OBJC_ROOT_CLASS = YES_ERROR;
				CLANG_WARN_QUOTED_INCLUDE_IN_FRAMEWORK_HEADER = YES;
				CLANG_WARN_RANGE_LOOP_ANALYSIS = YES;
				CLANG_WARN_STRICT_PROTOTYPES = YES;
				CLANG_WARN_SUSPICIOUS_MOVE = YES;
				CLANG_WARN_UNGUARDED_AVAILABILITY = YES_AGGRESSIVE;
				CLANG_WARN_UNREACHABLE_CODE = YES;
				CLANG_WARN__DUPLICATE_METHOD_MATCH = YES;
				COPY_PHASE_STRIP = NO;
				DEBUG_INFORMATION_FORMAT = "dwarf-with-dsym";
				ENABLE_NS_ASSERTIONS = NO;
				ENABLE_STRICT_OBJC_MSGSEND = YES;
				ENABLE_USER_SCRIPT_SANDBOXING = YES;
				GCC_C_LANGUAGE_STANDARD = gnu17;
				GCC_NO_COMMON_BLOCKS = YES;
				GCC_WARN_64_TO_32_BIT_CONVERSION = YES;
				GCC_WARN_ABOUT_RETURN_TYPE = YES_ERROR;
				GCC_WARN_UNDECLARED_SELECTOR = YES;
				GCC_WARN_UNINITIALIZED_AUTOS = YES_AGGRESSIVE;
				GCC_WARN_UNUSED_FUNCTION = YES;
				GCC_WARN_UNUSED_VARIABLE = YES;
				LOCALIZATION_PREFERS_STRING_CATALOGS = YES;
				MACOSX_DEPLOYMENT_TARGET = 15.2;
				MTL_ENABLE_DEBUG_INFO = NO;
				MTL_FAST_MATH = YES;
				SDKROOT = macosx;
				SWIFT_COMPILATION_MODE = wholemodule;
			};
			name = Release;
		};
		3E2DC2932D9B05840045BAD4 /* Debug */ = {
			isa = XCBuildConfiguration;
			buildSettings = {
				ASSETCATALOG_COMPILER_APPICON_NAME = AppIcon;
				ASSETCATALOG_COMPILER_GLOBAL_ACCENT_COLOR_NAME = AccentColor;
				CODE_SIGN_ENTITLEMENTS = ImPower/ImPower.entitlements;
				CODE_SIGN_STYLE = Automatic;
				COMBINE_HIDPI_IMAGES = YES;
				CURRENT_PROJECT_VERSION = 1;
				DEVELOPMENT_TEAM = 2PSLT26XNM;
				ENABLE_HARDENED_RUNTIME = YES;
				GENERATE_INFOPLIST_FILE = YES;
				INFOPLIST_KEY_LSApplicationCategoryType = "public.app-category.developer-tools";
				INFOPLIST_KEY_NSHumanReadableCopyright = "";
				INFOPLIST_KEY_NSMainStoryboardFile = Main;
				INFOPLIST_KEY_NSPrincipalClass = NSApplication;
				LD_RUNPATH_SEARCH_PATHS = (
					"$(inherited)",
					"@executable_path/../Frameworks",
				);
				MARKETING_VERSION = 1.0;
				PRODUCT_BUNDLE_IDENTIFIER = jatinapps.xcode.extensions.ImPower;
				PRODUCT_NAME = "$(TARGET_NAME)";
				SWIFT_EMIT_LOC_STRINGS = YES;
				SWIFT_VERSION = 5.0;
			};
			name = Debug;
		};
		3E2DC2942D9B05840045BAD4 /* Release */ = {
			isa = XCBuildConfiguration;
			buildSettings = {
				ASSETCATALOG_COMPILER_APPICON_NAME = AppIcon;
				ASSETCATALOG_COMPILER_GLOBAL_ACCENT_COLOR_NAME = AccentColor;
				CODE_SIGN_ENTITLEMENTS = ImPower/ImPower.entitlements;
				CODE_SIGN_STYLE = Automatic;
				COMBINE_HIDPI_IMAGES = YES;
				CURRENT_PROJECT_VERSION = 1;
				DEVELOPMENT_TEAM = 2PSLT26XNM;
				ENABLE_HARDENED_RUNTIME = YES;
				GENERATE_INFOPLIST_FILE = YES;
				INFOPLIST_KEY_LSApplicationCategoryType = "public.app-category.developer-tools";
				INFOPLIST_KEY_NSHumanReadableCopyright = "";
				INFOPLIST_KEY_NSMainStoryboardFile = Main;
				INFOPLIST_KEY_NSPrincipalClass = NSApplication;
				LD_RUNPATH_SEARCH_PATHS = (
					"$(inherited)",
					"@executable_path/../Frameworks",
				);
				MARKETING_VERSION = 1.0;
				PRODUCT_BUNDLE_IDENTIFIER = jatinapps.xcode.extensions.ImPower;
				PRODUCT_NAME = "$(TARGET_NAME)";
				SWIFT_EMIT_LOC_STRINGS = YES;
				SWIFT_VERSION = 5.0;
			};
			name = Release;
		};
		3E2DC2B12D9B06C60045BAD4 /* Debug */ = {
			isa = XCBuildConfiguration;
			buildSettings = {
				CODE_SIGN_ENTITLEMENTS = ImPowerX/ImPowerX.entitlements;
				CODE_SIGN_STYLE = Automatic;
				COMBINE_HIDPI_IMAGES = YES;
				CURRENT_PROJECT_VERSION = 1;
				DEVELOPMENT_TEAM = 2PSLT26XNM;
				ENABLE_HARDENED_RUNTIME = YES;
				GENERATE_INFOPLIST_FILE = YES;
				INFOPLIST_FILE = ImPowerX/Info.plist;
				INFOPLIST_KEY_CFBundleDisplayName = ImPowerX;
				INFOPLIST_KEY_NSHumanReadableCopyright = "";
				LD_RUNPATH_SEARCH_PATHS = (
					"$(inherited)",
					"@executable_path/../Frameworks",
					"@executable_path/../../../../Frameworks",
				);
				MARKETING_VERSION = 1.0;
				PRODUCT_BUNDLE_IDENTIFIER = jatinapps.xcode.extensions.ImPower.ImPowerX;
				PRODUCT_NAME = "$(TARGET_NAME)";
				SKIP_INSTALL = NO;
				SWIFT_EMIT_LOC_STRINGS = YES;
				SWIFT_VERSION = 5.0;
			};
			name = Debug;
		};
		3E2DC2B22D9B06C60045BAD4 /* Release */ = {
			isa = XCBuildConfiguration;
			buildSettings = {
				CODE_SIGN_ENTITLEMENTS = ImPowerX/ImPowerX.entitlements;
				CODE_SIGN_STYLE = Automatic;
				COMBINE_HIDPI_IMAGES = YES;
				CURRENT_PROJECT_VERSION = 1;
				DEVELOPMENT_TEAM = 2PSLT26XNM;
				ENABLE_HARDENED_RUNTIME = YES;
				GENERATE_INFOPLIST_FILE = YES;
				INFOPLIST_FILE = ImPowerX/Info.plist;
				INFOPLIST_KEY_CFBundleDisplayName = ImPowerX;
				INFOPLIST_KEY_NSHumanReadableCopyright = "";
				LD_RUNPATH_SEARCH_PATHS = (
					"$(inherited)",
					"@executable_path/../Frameworks",
					"@executable_path/../../../../Frameworks",
				);
				MARKETING_VERSION = 1.0;
				PRODUCT_BUNDLE_IDENTIFIER = jatinapps.xcode.extensions.ImPower.ImPowerX;
				PRODUCT_NAME = "$(TARGET_NAME)";
				SKIP_INSTALL = NO;
				SWIFT_EMIT_LOC_STRINGS = YES;
				SWIFT_VERSION = 5.0;
			};
			name = Release;
		};
/* End XCBuildConfiguration section */

/* Begin XCConfigurationList section */
		3E2DC2682D9B05820045BAD4 /* Build configuration list for PBXProject "ImPower" */ = {
			isa = XCConfigurationList;
			buildConfigurations = (
				3E2DC2902D9B05840045BAD4 /* Debug */,
				3E2DC2912D9B05840045BAD4 /* Release */,
			);
			defaultConfigurationIsVisible = 0;
			defaultConfigurationName = Release;
		};
		3E2DC2922D9B05840045BAD4 /* Build configuration list for PBXNativeTarget "ImPower" */ = {
			isa = XCConfigurationList;
			buildConfigurations = (
				3E2DC2932D9B05840045BAD4 /* Debug */,
				3E2DC2942D9B05840045BAD4 /* Release */,
			);
			defaultConfigurationIsVisible = 0;
			defaultConfigurationName = Release;
		};
		3E2DC2B02D9B06C60045BAD4 /* Build configuration list for PBXNativeTarget "ImPowerX" */ = {
			isa = XCConfigurationList;
			buildConfigurations = (
				3E2DC2B12D9B06C60045BAD4 /* Debug */,
				3E2DC2B22D9B06C60045BAD4 /* Release */,
			);
			defaultConfigurationIsVisible = 0;
			defaultConfigurationName = Release;
		};
/* End XCConfigurationList section */
	};
	rootObject = 3E2DC2652D9B05820045BAD4 /* Project object */;
}
